
Microsoft Visual Studio Solution File, Format Version 12.00
# Visual Studio Version 17
VisualStudioVersion = 17.7.34031.279
MinimumVisualStudioVersion = 10.0.40219.1
Project("{9A19103F-16F7-4668-BE54-9A1E7A4F7556}") = "DotNetTrainingBatch3.ConsoleApp", "DotNetTrainingBatch3.ConsoleApp\DotNetTrainingBatch3.ConsoleApp.csproj", "{2F8FA0AA-29F3-4AED-8150-B1B145709915}"
EndProject
Project("{FAE04EC0-301F-11D3-BF4B-00C04F79EFBC}") = "DotNetTrainingBatch3.WebApi", "DotNetTrainingBatch3\DotNetTrainingBatch3.WebApi.csproj", "{5D8A8C80-616E-4939-A1C8-937963CF1796}"
EndProject
Global
	GlobalSection(SolutionConfigurationPlatforms) = preSolution
		Debug|Any CPU = Debug|Any CPU
		Release|Any CPU = Release|Any CPU
	EndGlobalSection
	GlobalSection(ProjectConfigurationPlatforms) = postSolution
		{2F8FA0AA-29F3-4AED-8150-B1B145709915}.Debug|Any CPU.ActiveCfg = Debug|Any CPU
		{2F8FA0AA-29F3-4AED-8150-B1B145709915}.Debug|Any CPU.Build.0 = Debug|Any CPU
		{2F8FA0AA-29F3-4AED-8150-B1B145709915}.Release|Any CPU.ActiveCfg = Release|Any CPU
		{2F8FA0AA-29F3-4AED-8150-B1B145709915}.Release|Any CPU.Build.0 = Release|Any CPU
		{5D8A8C80-616E-4939-A1C8-937963CF1796}.Debug|Any CPU.ActiveCfg = Debug|Any CPU
		{5D8A8C80-616E-4939-A1C8-937963CF1796}.Debug|Any CPU.Build.0 = Debug|Any CPU
		{5D8A8C80-616E-4939-A1C8-937963CF1796}.Release|Any CPU.ActiveCfg = Release|Any CPU
		{5D8A8C80-616E-4939-A1C8-937963CF1796}.Release|Any CPU.Build.0 = Release|Any CPU
	EndGlobalSection
	GlobalSection(SolutionProperties) = preSolution
		HideSolutionNode = FALSE
	EndGlobalSection
	GlobalSection(ExtensibilityGlobals) = postSolution
		SolutionGuid = {FD165C78-C057-4583-8E0A-B413ABADD518}
	EndGlobalSection
EndGlobal
